
Microsoft Visual Studio Solution File, Format Version 12.00
# Visual Studio Version 17
VisualStudioVersion = 17.0.32112.339
MinimumVisualStudioVersion = 10.0.40219.1
Project("{FAE04EC0-301F-11D3-BF4B-00C04F79EFBC}") = "Authorization", "Authorization\Authorization.csproj", "{36782D94-D322-4AE9-8DFC-EB01F48C7475}"
EndProject
Global
	GlobalSection(SolutionConfigurationPlatforms) = preSolution
		Debug|Any CPU = Debug|Any CPU
		Release|Any CPU = Release|Any CPU
	EndGlobalSection
	GlobalSection(ProjectConfigurationPlatforms) = postSolution
		{36782D94-D322-4AE9-8DFC-EB01F48C7475}.Debug|Any CPU.ActiveCfg = Debug|Any CPU
		{36782D94-D322-4AE9-8DFC-EB01F48C7475}.Debug|Any CPU.Build.0 = Debug|Any CPU
		{36782D94-D322-4AE9-8DFC-EB01F48C7475}.Release|Any CPU.ActiveCfg = Release|Any CPU
		{36782D94-D322-4AE9-8DFC-EB01F48C7475}.Release|Any CPU.Build.0 = Release|Any CPU
	EndGlobalSection
	GlobalSection(SolutionProperties) = preSolution
		HideSolutionNode = FALSE
	EndGlobalSection
	GlobalSection(ExtensibilityGlobals) = postSolution
		SolutionGuid = {3D7A46D8-6D6D-43D3-9649-8C6012931D16}
	EndGlobalSection
EndGlobal
