
Microsoft Visual Studio Solution File, Format Version 12.00
# Visual Studio Version 17
VisualStudioVersion = 17.0.32112.339
MinimumVisualStudioVersion = 10.0.40219.1
Project("{FAE04EC0-301F-11D3-BF4B-00C04F79EFBC}") = "Core", "Core\Core.csproj", "{36782D94-D322-4AE9-8DFC-EB01F48C7475}"
EndProject
Project("{2150E333-8FDC-42A3-9474-1A3956D46DE8}") = "src", "src", "{1877CF74-9B34-45B3-8AB5-492119AC0258}"
EndProject
Project("{2150E333-8FDC-42A3-9474-1A3956D46DE8}") = "misc", "misc", "{C57B1928-7EA5-4F40-8130-1897F7DAB7E6}"
ProjectSection(SolutionItems) = preProject
	Directory.Build.props = Directory.Build.props
	..\README.md = ..\README.md
EndProjectSection
EndProject
Project("{FAE04EC0-301F-11D3-BF4B-00C04F79EFBC}") = "Abstractions", "Abstractions\Abstractions.csproj", "{A3727B4D-BC31-4D9C-86C8-971346F94679}"
EndProject
Global
	GlobalSection(SolutionConfigurationPlatforms) = preSolution
		Debug|Any CPU = Debug|Any CPU
		Release|Any CPU = Release|Any CPU
	EndGlobalSection
	GlobalSection(ProjectConfigurationPlatforms) = postSolution
		{36782D94-D322-4AE9-8DFC-EB01F48C7475}.Debug|Any CPU.ActiveCfg = Debug|Any CPU
		{36782D94-D322-4AE9-8DFC-EB01F48C7475}.Debug|Any CPU.Build.0 = Debug|Any CPU
		{36782D94-D322-4AE9-8DFC-EB01F48C7475}.Release|Any CPU.ActiveCfg = Release|Any CPU
		{36782D94-D322-4AE9-8DFC-EB01F48C7475}.Release|Any CPU.Build.0 = Release|Any CPU
		{A3727B4D-BC31-4D9C-86C8-971346F94679}.Debug|Any CPU.ActiveCfg = Debug|Any CPU
		{A3727B4D-BC31-4D9C-86C8-971346F94679}.Debug|Any CPU.Build.0 = Debug|Any CPU
		{A3727B4D-BC31-4D9C-86C8-971346F94679}.Release|Any CPU.ActiveCfg = Release|Any CPU
		{A3727B4D-BC31-4D9C-86C8-971346F94679}.Release|Any CPU.Build.0 = Release|Any CPU
	EndGlobalSection
	GlobalSection(SolutionProperties) = preSolution
		HideSolutionNode = FALSE
	EndGlobalSection
	GlobalSection(NestedProjects) = preSolution
		{36782D94-D322-4AE9-8DFC-EB01F48C7475} = {1877CF74-9B34-45B3-8AB5-492119AC0258}
		{A3727B4D-BC31-4D9C-86C8-971346F94679} = {1877CF74-9B34-45B3-8AB5-492119AC0258}
	EndGlobalSection
	GlobalSection(ExtensibilityGlobals) = postSolution
		SolutionGuid = {3D7A46D8-6D6D-43D3-9649-8C6012931D16}
	EndGlobalSection
EndGlobal
